
Microsoft Visual Studio Solution File, Format Version 12.00
# Visual Studio Version 17
VisualStudioVersion = 17.5.33414.496
MinimumVisualStudioVersion = 10.0.40219.1
Project("{FAE04EC0-301F-11D3-BF4B-00C04F79EFBC}") = "Lenz disc burn", "Lenz disc burn.csproj", "{096618C5-18EA-49DE-BD39-297714AE3CEA}"
EndProject
Global
	GlobalSection(SolutionConfigurationPlatforms) = preSolution
		Debug|Any CPU = Debug|Any CPU
		Release|Any CPU = Release|Any CPU
	EndGlobalSection
	GlobalSection(ProjectConfigurationPlatforms) = postSolution
		{096618C5-18EA-49DE-BD39-297714AE3CEA}.Debug|Any CPU.ActiveCfg = Debug|Any CPU
		{096618C5-18EA-49DE-BD39-297714AE3CEA}.Debug|Any CPU.Build.0 = Debug|Any CPU
		{096618C5-18EA-49DE-BD39-297714AE3CEA}.Release|Any CPU.ActiveCfg = Release|Any CPU
		{096618C5-18EA-49DE-BD39-297714AE3CEA}.Release|Any CPU.Build.0 = Release|Any CPU
	EndGlobalSection
	GlobalSection(SolutionProperties) = preSolution
		HideSolutionNode = FALSE
	EndGlobalSection
	GlobalSection(ExtensibilityGlobals) = postSolution
		SolutionGuid = {51A01E36-C68C-4DF8-84D3-0C2F7DAD0BEE}
	EndGlobalSection
EndGlobal
